
Microsoft Visual Studio Solution File, Format Version 12.00
# Visual Studio Version 17
VisualStudioVersion = 17.0.32014.148
MinimumVisualStudioVersion = 10.0.40219.1
Project("{FAE04EC0-301F-11D3-BF4B-00C04F79EFBC}") = "Fortnite Chapter 3 Tweaker", "Fortnite Chapter 3 Tweaker\Fortnite Chapter 3 Tweaker.csproj", "{C3A1E19F-1BA0-4CAC-ADD0-319D81B9EB7E}"
EndProject
Global
	GlobalSection(SolutionConfigurationPlatforms) = preSolution
		Debug|Any CPU = Debug|Any CPU
		Release|Any CPU = Release|Any CPU
	EndGlobalSection
	GlobalSection(ProjectConfigurationPlatforms) = postSolution
		{C3A1E19F-1BA0-4CAC-ADD0-319D81B9EB7E}.Debug|Any CPU.ActiveCfg = Debug|Any CPU
		{C3A1E19F-1BA0-4CAC-ADD0-319D81B9EB7E}.Debug|Any CPU.Build.0 = Debug|Any CPU
		{C3A1E19F-1BA0-4CAC-ADD0-319D81B9EB7E}.Release|Any CPU.ActiveCfg = Release|Any CPU
		{C3A1E19F-1BA0-4CAC-ADD0-319D81B9EB7E}.Release|Any CPU.Build.0 = Release|Any CPU
	EndGlobalSection
	GlobalSection(SolutionProperties) = preSolution
		HideSolutionNode = FALSE
	EndGlobalSection
	GlobalSection(ExtensibilityGlobals) = postSolution
		SolutionGuid = {39CCA5B8-9E77-4EF8-8615-69D8AF0880F9}
	EndGlobalSection
EndGlobal
